
Microsoft Visual Studio Solution File, Format Version 12.00
# Visual Studio Version 16
VisualStudioVersion = 25.0.1706.8
MinimumVisualStudioVersion = 10.0.40219.1
Project("{FAE04EC0-301F-11D3-BF4B-00C04F79EFBC}") = "IfElse and SwitchCase", "IfElse and SwitchCase\IfElse and SwitchCase.csproj", "{DACDEBBA-12B3-4A58-8AFE-63886B85B49D}"
EndProject
Global
	GlobalSection(SolutionConfigurationPlatforms) = preSolution
		Debug|Any CPU = Debug|Any CPU
		Release|Any CPU = Release|Any CPU
	EndGlobalSection
	GlobalSection(ProjectConfigurationPlatforms) = postSolution
		{DACDEBBA-12B3-4A58-8AFE-63886B85B49D}.Debug|Any CPU.ActiveCfg = Debug|Any CPU
		{DACDEBBA-12B3-4A58-8AFE-63886B85B49D}.Debug|Any CPU.Build.0 = Debug|Any CPU
		{DACDEBBA-12B3-4A58-8AFE-63886B85B49D}.Release|Any CPU.ActiveCfg = Release|Any CPU
		{DACDEBBA-12B3-4A58-8AFE-63886B85B49D}.Release|Any CPU.Build.0 = Release|Any CPU
	EndGlobalSection
	GlobalSection(SolutionProperties) = preSolution
		HideSolutionNode = FALSE
	EndGlobalSection
	GlobalSection(ExtensibilityGlobals) = postSolution
		SolutionGuid = {ABDD8F38-A140-4B82-A317-9D161494BF31}
	EndGlobalSection
EndGlobal
