
Microsoft Visual Studio Solution File, Format Version 12.00
# Visual Studio Version 16
VisualStudioVersion = 25.0.1706.8
MinimumVisualStudioVersion = 10.0.40219.1
Project("{FAE04EC0-301F-11D3-BF4B-00C04F79EFBC}") = "Reference Types & Value Types", "Reference Types & Value Types\Reference Types & Value Types.csproj", "{84A32F5D-0E25-4E11-8DDA-19DB6B3D3FD6}"
EndProject
Global
	GlobalSection(SolutionConfigurationPlatforms) = preSolution
		Debug|Any CPU = Debug|Any CPU
		Release|Any CPU = Release|Any CPU
	EndGlobalSection
	GlobalSection(ProjectConfigurationPlatforms) = postSolution
		{84A32F5D-0E25-4E11-8DDA-19DB6B3D3FD6}.Debug|Any CPU.ActiveCfg = Debug|Any CPU
		{84A32F5D-0E25-4E11-8DDA-19DB6B3D3FD6}.Debug|Any CPU.Build.0 = Debug|Any CPU
		{84A32F5D-0E25-4E11-8DDA-19DB6B3D3FD6}.Release|Any CPU.ActiveCfg = Release|Any CPU
		{84A32F5D-0E25-4E11-8DDA-19DB6B3D3FD6}.Release|Any CPU.Build.0 = Release|Any CPU
	EndGlobalSection
	GlobalSection(SolutionProperties) = preSolution
		HideSolutionNode = FALSE
	EndGlobalSection
	GlobalSection(ExtensibilityGlobals) = postSolution
		SolutionGuid = {87143060-1175-4448-A096-A25533B17899}
	EndGlobalSection
EndGlobal
