
Microsoft Visual Studio Solution File, Format Version 12.00
# Visual Studio Version 16
VisualStudioVersion = 25.0.1706.8
MinimumVisualStudioVersion = 10.0.40219.1
Project("{FAE04EC0-301F-11D3-BF4B-00C04F79EFBC}") = "Iterations", "Iterations\Iterations.csproj", "{493F8085-9CA9-41E0-8B00-6D6C16184A4A}"
EndProject
Global
	GlobalSection(SolutionConfigurationPlatforms) = preSolution
		Debug|Any CPU = Debug|Any CPU
		Release|Any CPU = Release|Any CPU
	EndGlobalSection
	GlobalSection(ProjectConfigurationPlatforms) = postSolution
		{493F8085-9CA9-41E0-8B00-6D6C16184A4A}.Debug|Any CPU.ActiveCfg = Debug|Any CPU
		{493F8085-9CA9-41E0-8B00-6D6C16184A4A}.Debug|Any CPU.Build.0 = Debug|Any CPU
		{493F8085-9CA9-41E0-8B00-6D6C16184A4A}.Release|Any CPU.ActiveCfg = Release|Any CPU
		{493F8085-9CA9-41E0-8B00-6D6C16184A4A}.Release|Any CPU.Build.0 = Release|Any CPU
	EndGlobalSection
	GlobalSection(SolutionProperties) = preSolution
		HideSolutionNode = FALSE
	EndGlobalSection
	GlobalSection(ExtensibilityGlobals) = postSolution
		SolutionGuid = {7B3B644A-C976-453A-9200-97E981C0789B}
	EndGlobalSection
EndGlobal
